{
  "name": "test-extension",
  "lockfileVersion": 3,
  "requires": true,
  "packages": {
    "": {
      "devDependencies": {
        "@types/chrome": "^0.0.260"
      }
    },
    "node_modules/@types/chrome": {
      "version": "0.0.260",
      "resolved": "https://registry.npmmirror.com/@types/chrome/-/chrome-0.0.260.tgz",
      "integrity": "sha512-lX6QpgfsZRTDpNcCJ+3vzfFnFXq9bScFRTlfhbK5oecSAjamsno+ejFTCbNtc5O/TPnVK9Tja/PyecvWQe0F2w==",
      "dev": true,
      "dependencies": {
        "@types/filesystem": "*",
        "@types/har-format": "*"
      }
    },
    "node_modules/@types/filesystem": {
      "version": "0.0.35",
      "resolved": "https://registry.npmmirror.com/@types/filesystem/-/filesystem-0.0.35.tgz",
      "integrity": "sha512-1eKvCaIBdrD2mmMgy5dwh564rVvfEhZTWVQQGRNn0Nt4ZEnJ0C8oSUCzvMKRA4lGde5oEVo+q2MrTTbV/GHDCQ==",
      "dev": true,
      "dependencies": {
        "@types/filewriter": "*"
      }
    },
    "node_modules/@types/filewriter": {
      "version": "0.0.33",
      "resolved": "https://registry.npmmirror.com/@types/filewriter/-/filewriter-0.0.33.tgz",
      "integrity": "sha512-xFU8ZXTw4gd358lb2jw25nxY9QAgqn2+bKKjKOYfNCzN4DKCFetK7sPtrlpg66Ywe3vWY9FNxprZawAh9wfJ3g==",
      "dev": true
    },
    "node_modules/@types/har-format": {
      "version": "1.2.15",
      "resolved": "https://registry.npmmirror.com/@types/har-format/-/har-format-1.2.15.tgz",
      "integrity": "sha512-RpQH4rXLuvTXKR0zqHq3go0RVXYv/YVqv4TnPH95VbwUxZdQlK1EtcMvQvMpDngHbt13Csh9Z4qT9AbkiQH5BA==",
      "dev": true
    }
  }
}
